
Microsoft Visual Studio Solution File, Format Version 11.00
# Visual Studio 2010
Project("{FAE04EC0-301F-11D3-BF4B-00C04F79EFBC}") = "Assembly-CSharp-firstpass", "Assembly-CSharp-firstpass.csproj", "{3f94c4cd-5b4e-21b0-f686-2d99a839c42c}"
EndProject
Project("{FAE04EC0-301F-11D3-BF4B-00C04F79EFBC}") = "Assembly-CSharp", "Assembly-CSharp.csproj", "{eeae284c-aeb6-90de-98e8-9f250b0e404e}"
EndProject
Project("{FAE04EC0-301F-11D3-BF4B-00C04F79EFBC}") = "Assembly-CSharp-Editor-firstpass", "Assembly-CSharp-Editor-firstpass.csproj", "{67f98b52-5064-d710-2614-1467a8bb782f}"
EndProject
Global
	GlobalSection(SolutionConfigurationPlatforms) = preSolution
		Debug|Any CPU = Debug|Any CPU
		Release|Any CPU = Release|Any CPU
	EndGlobalSection
	GlobalSection(ProjectConfigurationPlatforms) = postSolution
		{3f94c4cd-5b4e-21b0-f686-2d99a839c42c}.Debug|Any CPU.ActiveCfg = Debug|Any CPU
		{3f94c4cd-5b4e-21b0-f686-2d99a839c42c}.Debug|Any CPU.Build.0 = Debug|Any CPU
		{3f94c4cd-5b4e-21b0-f686-2d99a839c42c}.Release|Any CPU.ActiveCfg = Release|Any CPU
		{3f94c4cd-5b4e-21b0-f686-2d99a839c42c}.Release|Any CPU.Build.0 = Release|Any CPU
		{eeae284c-aeb6-90de-98e8-9f250b0e404e}.Debug|Any CPU.ActiveCfg = Debug|Any CPU
		{eeae284c-aeb6-90de-98e8-9f250b0e404e}.Debug|Any CPU.Build.0 = Debug|Any CPU
		{eeae284c-aeb6-90de-98e8-9f250b0e404e}.Release|Any CPU.ActiveCfg = Release|Any CPU
		{eeae284c-aeb6-90de-98e8-9f250b0e404e}.Release|Any CPU.Build.0 = Release|Any CPU
		{67f98b52-5064-d710-2614-1467a8bb782f}.Debug|Any CPU.ActiveCfg = Debug|Any CPU
		{67f98b52-5064-d710-2614-1467a8bb782f}.Debug|Any CPU.Build.0 = Debug|Any CPU
		{67f98b52-5064-d710-2614-1467a8bb782f}.Release|Any CPU.ActiveCfg = Release|Any CPU
		{67f98b52-5064-d710-2614-1467a8bb782f}.Release|Any CPU.Build.0 = Release|Any CPU
	EndGlobalSection
	GlobalSection(SolutionProperties) = preSolution
		HideSolutionNode = FALSE
	EndGlobalSection
EndGlobal
